<Solution>
  <Folder Name="/src/">
    <Project Path="src/TroveKeep.Api/TroveKeep.Api.csproj" />
    <Project Path="src/TroveKeep.Core/TroveKeep.Core.csproj" />
    <Project Path="src/TroveKeep.Repositories/TroveKeep.Repositories.csproj" />
    <Project Path="src/TroveKeep.Services/TroveKeep.Services.csproj" />
  </Folder>
</Solution>
